
Microsoft Visual Studio Solution File, Format Version 12.00
# Visual Studio 15
VisualStudioVersion = 15.0.28307.1169
MinimumVisualStudioVersion = 10.0.40219.1
Project("{FAE04EC0-301F-11D3-BF4B-00C04F79EFBC}") = "BookListMVC", "BookListMVC\BookListMVC.csproj", "{7217F6B9-8032-4E38-A9B4-C9FA505B711E}"
EndProject
Global
	GlobalSection(SolutionConfigurationPlatforms) = preSolution
		Debug|Any CPU = Debug|Any CPU
		Release|Any CPU = Release|Any CPU
	EndGlobalSection
	GlobalSection(ProjectConfigurationPlatforms) = postSolution
		{7217F6B9-8032-4E38-A9B4-C9FA505B711E}.Debug|Any CPU.ActiveCfg = Debug|Any CPU
		{7217F6B9-8032-4E38-A9B4-C9FA505B711E}.Debug|Any CPU.Build.0 = Debug|Any CPU
		{7217F6B9-8032-4E38-A9B4-C9FA505B711E}.Release|Any CPU.ActiveCfg = Release|Any CPU
		{7217F6B9-8032-4E38-A9B4-C9FA505B711E}.Release|Any CPU.Build.0 = Release|Any CPU
	EndGlobalSection
	GlobalSection(SolutionProperties) = preSolution
		HideSolutionNode = FALSE
	EndGlobalSection
	GlobalSection(ExtensibilityGlobals) = postSolution
		SolutionGuid = {7BF24E3C-B5FA-466D-9A63-904E9B93B552}
	EndGlobalSection
EndGlobal
